# @generated by Move, please check-in and do not edit manually.

[move]
version = 3
manifest_digest = "5713F75FB50E6C159CE82FDD882C198893968EA68CC171D89BB317D6AEF61180"
deps_digest = "F8BBB0CCB2491CA29A3DF03D6F92277A4F3574266507ACD77214D37ECA3F3082"
dependencies = [
  { id = "Sui", name = "Sui" },
]

[[move.package]]
id = "MoveStdlib"
source = { git = "git@github.com:MystenLabs/sui.git", rev = "mainnet", subdir = "crates/sui-framework/packages/move-stdlib" }

[[move.package]]
id = "Sui"
source = { git = "git@github.com:MystenLabs/sui.git", rev = "mainnet", subdir = "crates/sui-framework/packages/sui-framework" }

dependencies = [
  { id = "MoveStdlib", name = "MoveStdlib" },
]

[move.toolchain-version]
compiler-version = "1.36.2"
edition = "2024.beta"
flavor = "sui"

[env]

[env.testnet]
chain-id = "4c78adac"
original-published-id = "0x3ab42a7fbe182138bfc943c2a5fe8cc7b2fe9b9c5c35dc4ae04f27f998ebf6a3"
latest-published-id = "0x3ab42a7fbe182138bfc943c2a5fe8cc7b2fe9b9c5c35dc4ae04f27f998ebf6a3"
published-version = "1"
